
Microsoft Visual Studio Solution File, Format Version 12.00
# Visual Studio Version 17
VisualStudioVersion = 17.11.35303.130
MinimumVisualStudioVersion = 10.0.40219.1
Project("{FAE04EC0-301F-11D3-BF4B-00C04F79EFBC}") = "BTVN_Tuan6_NguyenVanHuong_21103100115", "BTVN_Tuan6_NguyenVanHuong_21103100115\BTVN_Tuan6_NguyenVanHuong_21103100115.csproj", "{C1D6AFF3-A37F-4149-B670-E44A7CDD3FF8}"
EndProject
Global
	GlobalSection(SolutionConfigurationPlatforms) = preSolution
		Debug|Any CPU = Debug|Any CPU
		Release|Any CPU = Release|Any CPU
	EndGlobalSection
	GlobalSection(ProjectConfigurationPlatforms) = postSolution
		{C1D6AFF3-A37F-4149-B670-E44A7CDD3FF8}.Debug|Any CPU.ActiveCfg = Debug|Any CPU
		{C1D6AFF3-A37F-4149-B670-E44A7CDD3FF8}.Debug|Any CPU.Build.0 = Debug|Any CPU
		{C1D6AFF3-A37F-4149-B670-E44A7CDD3FF8}.Release|Any CPU.ActiveCfg = Release|Any CPU
		{C1D6AFF3-A37F-4149-B670-E44A7CDD3FF8}.Release|Any CPU.Build.0 = Release|Any CPU
	EndGlobalSection
	GlobalSection(SolutionProperties) = preSolution
		HideSolutionNode = FALSE
	EndGlobalSection
	GlobalSection(ExtensibilityGlobals) = postSolution
		SolutionGuid = {3BD7EDD2-5F80-4DDB-95B2-D9FE249D539E}
	EndGlobalSection
EndGlobal
