
Microsoft Visual Studio Solution File, Format Version 12.00
# Visual Studio Version 17
VisualStudioVersion = 17.11.35303.130
MinimumVisualStudioVersion = 10.0.40219.1
Project("{FAE04EC0-301F-11D3-BF4B-00C04F79EFBC}") = "TestOne201124", "TestOne201124\TestOne201124.csproj", "{E8111180-0F79-4A13-A86A-297E0BD5FFBC}"
EndProject
Global
	GlobalSection(SolutionConfigurationPlatforms) = preSolution
		Debug|Any CPU = Debug|Any CPU
		Release|Any CPU = Release|Any CPU
	EndGlobalSection
	GlobalSection(ProjectConfigurationPlatforms) = postSolution
		{E8111180-0F79-4A13-A86A-297E0BD5FFBC}.Debug|Any CPU.ActiveCfg = Debug|Any CPU
		{E8111180-0F79-4A13-A86A-297E0BD5FFBC}.Debug|Any CPU.Build.0 = Debug|Any CPU
		{E8111180-0F79-4A13-A86A-297E0BD5FFBC}.Release|Any CPU.ActiveCfg = Release|Any CPU
		{E8111180-0F79-4A13-A86A-297E0BD5FFBC}.Release|Any CPU.Build.0 = Release|Any CPU
	EndGlobalSection
	GlobalSection(SolutionProperties) = preSolution
		HideSolutionNode = FALSE
	EndGlobalSection
	GlobalSection(ExtensibilityGlobals) = postSolution
		SolutionGuid = {40E6929C-1E80-4E43-90A1-165027CF1333}
	EndGlobalSection
EndGlobal
