
Microsoft Visual Studio Solution File, Format Version 12.00
# Visual Studio Version 17
VisualStudioVersion = 17.11.35303.130
MinimumVisualStudioVersion = 10.0.40219.1
Project("{FAE04EC0-301F-11D3-BF4B-00C04F79EFBC}") = "BookTruyVanLinq_NVH", "BookTruyVanLinq_NVH\BookTruyVanLinq_NVH.csproj", "{5422D10B-9D74-4B01-B1A4-04A22883053F}"
EndProject
Global
	GlobalSection(SolutionConfigurationPlatforms) = preSolution
		Debug|Any CPU = Debug|Any CPU
		Release|Any CPU = Release|Any CPU
	EndGlobalSection
	GlobalSection(ProjectConfigurationPlatforms) = postSolution
		{5422D10B-9D74-4B01-B1A4-04A22883053F}.Debug|Any CPU.ActiveCfg = Debug|Any CPU
		{5422D10B-9D74-4B01-B1A4-04A22883053F}.Debug|Any CPU.Build.0 = Debug|Any CPU
		{5422D10B-9D74-4B01-B1A4-04A22883053F}.Release|Any CPU.ActiveCfg = Release|Any CPU
		{5422D10B-9D74-4B01-B1A4-04A22883053F}.Release|Any CPU.Build.0 = Release|Any CPU
	EndGlobalSection
	GlobalSection(SolutionProperties) = preSolution
		HideSolutionNode = FALSE
	EndGlobalSection
	GlobalSection(ExtensibilityGlobals) = postSolution
		SolutionGuid = {6B399808-A419-4993-B168-948F35180681}
	EndGlobalSection
EndGlobal
